
Microsoft Visual Studio Solution File, Format Version 12.00
# Visual Studio Version 16
VisualStudioVersion = 16.0.32901.82
MinimumVisualStudioVersion = 10.0.40219.1
Project("{FAE04EC0-301F-11D3-BF4B-00C04F79EFBC}") = "Dip", "Dip.csproj", "{BFE035A6-6BB6-4111-A147-19B0D325D3D5}"
EndProject
Global
	GlobalSection(SolutionConfigurationPlatforms) = preSolution
		Debug|Any CPU = Debug|Any CPU
		Release|Any CPU = Release|Any CPU
	EndGlobalSection
	GlobalSection(ProjectConfigurationPlatforms) = postSolution
		{BFE035A6-6BB6-4111-A147-19B0D325D3D5}.Debug|Any CPU.ActiveCfg = Debug|Any CPU
		{BFE035A6-6BB6-4111-A147-19B0D325D3D5}.Debug|Any CPU.Build.0 = Debug|Any CPU
		{BFE035A6-6BB6-4111-A147-19B0D325D3D5}.Release|Any CPU.ActiveCfg = Release|Any CPU
		{BFE035A6-6BB6-4111-A147-19B0D325D3D5}.Release|Any CPU.Build.0 = Release|Any CPU
	EndGlobalSection
	GlobalSection(SolutionProperties) = preSolution
		HideSolutionNode = FALSE
	EndGlobalSection
	GlobalSection(ExtensibilityGlobals) = postSolution
		SolutionGuid = {EBD87197-A46C-499C-ADAC-C3873F430337}
	EndGlobalSection
EndGlobal
